{
  "name": "maps-nexus-2",
  "lockfileVersion": 2,
  "requires": true,
  "packages": {
    "": {
      "name": "maps-nexus-2",
      "dependencies": {
        "@types/npmlog": "^7.0.0",
        "npmlog-file": "^0.1.4"
      },
      "devDependencies": {
        "@types/bun": "latest",
        "typescript-plugin-toml": "^0.3.1"
      },
      "peerDependencies": {
        "typescript": "^5.0.0"
      }
    },
    "node_modules/@types/bun": {
      "version": "1.1.1",
      "resolved": "https://registry.npmjs.org/@types/bun/-/bun-1.1.1.tgz",
      "integrity": "sha512-lUe9rLMhgDCViciZtgDj5CMl2u7uTq/IP149kSZH/Si6FWkCioximABFf+baRQgbm8QlH4bzT0qJRteQFNqeGA==",
      "dev": true,
      "dependencies": {
        "bun-types": "1.1.6"
      }
    },
    "node_modules/@types/node": {
      "version": "20.12.8",
      "resolved": "https://registry.npmjs.org/@types/node/-/node-20.12.8.tgz",
      "integrity": "sha512-NU0rJLJnshZWdE/097cdCBbyW1h4hEg0xpovcoAQYHl8dnEyp/NAOiE45pvc+Bd1Dt+2r94v2eGFpQJ4R7g+2w==",
      "dependencies": {
        "undici-types": "~5.26.4"
      }
    },
    "node_modules/@types/npmlog": {
      "version": "7.0.0",
      "resolved": "https://registry.npmjs.org/@types/npmlog/-/npmlog-7.0.0.tgz",
      "integrity": "sha512-hJWbrKFvxKyWwSUXjZMYTINsSOY6IclhvGOZ97M8ac2tmR9hMwmTnYaMdpGhvju9ctWLTPhCS+eLfQNluiEjQQ==",
      "dependencies": {
        "@types/node": "*"
      }
    },
    "node_modules/@types/ws": {
      "version": "8.5.10",
      "resolved": "https://registry.npmjs.org/@types/ws/-/ws-8.5.10.tgz",
      "integrity": "sha512-vmQSUcfalpIq0R9q7uTo2lXs6eGIpt9wtnLdMv9LVpIjCA/+ufZRozlVoVelIYixx1ugCBKDhn89vnsEGOCx9A==",
      "dev": true,
      "dependencies": {
        "@types/node": "*"
      }
    },
    "node_modules/ansi": {
      "version": "0.3.1",
      "resolved": "https://registry.npmjs.org/ansi/-/ansi-0.3.1.tgz",
      "integrity": "sha512-iFY7JCgHbepc0b82yLaw4IMortylNb6wG4kL+4R0C3iv6i+RHGHux/yUX5BTiRvSX/shMnngjR1YyNMnXEFh5A=="
    },
    "node_modules/bun-types": {
      "version": "1.1.6",
      "resolved": "https://registry.npmjs.org/bun-types/-/bun-types-1.1.6.tgz",
      "integrity": "sha512-LK2aaJdBBTUkDyN+kRiJHLF3VGrAcdkEHrbBvbmTkccShPw6ZalxxKjWSBJwn4UkikhZdrdA87bZWmfUgkRUYg==",
      "dev": true,
      "dependencies": {
        "@types/node": "~20.11.3",
        "@types/ws": "~8.5.10"
      }
    },
    "node_modules/bun-types/node_modules/@types/node": {
      "version": "20.11.30",
      "resolved": "https://registry.npmjs.org/@types/node/-/node-20.11.30.tgz",
      "integrity": "sha512-dHM6ZxwlmuZaRmUPfv1p+KrdD1Dci04FbdEm/9wEMouFqxYoFl5aMkt0VMAUtYRQDyYvD41WJLukhq/ha3YuTw==",
      "dev": true,
      "dependencies": {
        "undici-types": "~5.26.4"
      }
    },
    "node_modules/npmlog": {
      "version": "0.1.1",
      "resolved": "https://registry.npmjs.org/npmlog/-/npmlog-0.1.1.tgz",
      "integrity": "sha512-gEpnmIBogjDV2xuCNl7ooAkDYKnjiLyRcKTXbkg4sO2JZ8MDzo1VTKioUk7In4eedJ0fGzyasJ/f6P0ZKG4Wyg==",
      "dependencies": {
        "ansi": "~0.3.0"
      }
    },
    "node_modules/npmlog-file": {
      "version": "0.1.4",
      "resolved": "https://registry.npmjs.org/npmlog-file/-/npmlog-file-0.1.4.tgz",
      "integrity": "sha512-7/k4KC5NK5Q4CDowAfBeXb0U74bwaxuE0R/9dy+6XSxcBcMorjei5jHeu/ScoBopxtiQquPVGxu6qNGRMZCaeQ==",
      "dependencies": {
        "npmlog": "^0.1.1"
      }
    },
    "node_modules/toml": {
      "version": "3.0.0",
      "resolved": "https://registry.npmjs.org/toml/-/toml-3.0.0.tgz",
      "integrity": "sha512-y/mWCZinnvxjTKYhJ+pYxwD0mRLVvOtdS2Awbgxln6iEnt4rk0yBxeSBHkGJcPucRiG0e55mwWp+g/05rsrd6w==",
      "dev": true
    },
    "node_modules/typescript": {
      "version": "5.4.5",
      "resolved": "https://registry.npmjs.org/typescript/-/typescript-5.4.5.tgz",
      "integrity": "sha512-vcI4UpRgg81oIRUFwR0WSIHKt11nJ7SAVlYNIu+QpqeyXP+gpQJy/Z4+F0aGxSE4MqwjyXvW/TzgkLAx2AGHwQ==",
      "peer": true,
      "bin": {
        "tsc": "bin/tsc",
        "tsserver": "bin/tsserver"
      },
      "engines": {
        "node": ">=14.17"
      }
    },
    "node_modules/typescript-plugin-toml": {
      "version": "0.3.1",
      "resolved": "https://registry.npmjs.org/typescript-plugin-toml/-/typescript-plugin-toml-0.3.1.tgz",
      "integrity": "sha512-pBRKcuidbQyGQZOejx3abJtjX2NRemYCIBImWAJ/Lek6byUJObw/j/jPwdlrOWEcIo37t4AHHeh9fXAgQ8FZzA==",
      "dev": true,
      "dependencies": {
        "toml": "^3.0.0"
      },
      "peerDependencies": {
        "typescript": "^5.0.2"
      }
    },
    "node_modules/undici-types": {
      "version": "5.26.5",
      "resolved": "https://registry.npmjs.org/undici-types/-/undici-types-5.26.5.tgz",
      "integrity": "sha512-JlCMO+ehdEIKqlFxk6IfVoAUVmgz7cU7zD/h9XZ0qzeosSHmUJVOzSQvvYSYWXkFXC+IfLKSIffhv0sVZup6pA=="
    }
  },
  "dependencies": {
    "@types/bun": {
      "version": "1.1.1",
      "resolved": "https://registry.npmjs.org/@types/bun/-/bun-1.1.1.tgz",
      "integrity": "sha512-lUe9rLMhgDCViciZtgDj5CMl2u7uTq/IP149kSZH/Si6FWkCioximABFf+baRQgbm8QlH4bzT0qJRteQFNqeGA==",
      "dev": true,
      "requires": {
        "bun-types": "1.1.6"
      }
    },
    "@types/node": {
      "version": "20.12.8",
      "resolved": "https://registry.npmjs.org/@types/node/-/node-20.12.8.tgz",
      "integrity": "sha512-NU0rJLJnshZWdE/097cdCBbyW1h4hEg0xpovcoAQYHl8dnEyp/NAOiE45pvc+Bd1Dt+2r94v2eGFpQJ4R7g+2w==",
      "requires": {
        "undici-types": "~5.26.4"
      }
    },
    "@types/npmlog": {
      "version": "7.0.0",
      "resolved": "https://registry.npmjs.org/@types/npmlog/-/npmlog-7.0.0.tgz",
      "integrity": "sha512-hJWbrKFvxKyWwSUXjZMYTINsSOY6IclhvGOZ97M8ac2tmR9hMwmTnYaMdpGhvju9ctWLTPhCS+eLfQNluiEjQQ==",
      "requires": {
        "@types/node": "*"
      }
    },
    "@types/ws": {
      "version": "8.5.10",
      "resolved": "https://registry.npmjs.org/@types/ws/-/ws-8.5.10.tgz",
      "integrity": "sha512-vmQSUcfalpIq0R9q7uTo2lXs6eGIpt9wtnLdMv9LVpIjCA/+ufZRozlVoVelIYixx1ugCBKDhn89vnsEGOCx9A==",
      "dev": true,
      "requires": {
        "@types/node": "*"
      }
    },
    "ansi": {
      "version": "0.3.1",
      "resolved": "https://registry.npmjs.org/ansi/-/ansi-0.3.1.tgz",
      "integrity": "sha512-iFY7JCgHbepc0b82yLaw4IMortylNb6wG4kL+4R0C3iv6i+RHGHux/yUX5BTiRvSX/shMnngjR1YyNMnXEFh5A=="
    },
    "bun-types": {
      "version": "1.1.6",
      "resolved": "https://registry.npmjs.org/bun-types/-/bun-types-1.1.6.tgz",
      "integrity": "sha512-LK2aaJdBBTUkDyN+kRiJHLF3VGrAcdkEHrbBvbmTkccShPw6ZalxxKjWSBJwn4UkikhZdrdA87bZWmfUgkRUYg==",
      "dev": true,
      "requires": {
        "@types/node": "~20.11.3",
        "@types/ws": "~8.5.10"
      },
      "dependencies": {
        "@types/node": {
          "version": "20.11.30",
          "resolved": "https://registry.npmjs.org/@types/node/-/node-20.11.30.tgz",
          "integrity": "sha512-dHM6ZxwlmuZaRmUPfv1p+KrdD1Dci04FbdEm/9wEMouFqxYoFl5aMkt0VMAUtYRQDyYvD41WJLukhq/ha3YuTw==",
          "dev": true,
          "requires": {
            "undici-types": "~5.26.4"
          }
        }
      }
    },
    "npmlog": {
      "version": "0.1.1",
      "resolved": "https://registry.npmjs.org/npmlog/-/npmlog-0.1.1.tgz",
      "integrity": "sha512-gEpnmIBogjDV2xuCNl7ooAkDYKnjiLyRcKTXbkg4sO2JZ8MDzo1VTKioUk7In4eedJ0fGzyasJ/f6P0ZKG4Wyg==",
      "requires": {
        "ansi": "~0.3.0"
      }
    },
    "npmlog-file": {
      "version": "0.1.4",
      "resolved": "https://registry.npmjs.org/npmlog-file/-/npmlog-file-0.1.4.tgz",
      "integrity": "sha512-7/k4KC5NK5Q4CDowAfBeXb0U74bwaxuE0R/9dy+6XSxcBcMorjei5jHeu/ScoBopxtiQquPVGxu6qNGRMZCaeQ==",
      "requires": {
        "npmlog": "^0.1.1"
      }
    },
    "toml": {
      "version": "3.0.0",
      "resolved": "https://registry.npmjs.org/toml/-/toml-3.0.0.tgz",
      "integrity": "sha512-y/mWCZinnvxjTKYhJ+pYxwD0mRLVvOtdS2Awbgxln6iEnt4rk0yBxeSBHkGJcPucRiG0e55mwWp+g/05rsrd6w==",
      "dev": true
    },
    "typescript": {
      "version": "5.4.5",
      "resolved": "https://registry.npmjs.org/typescript/-/typescript-5.4.5.tgz",
      "integrity": "sha512-vcI4UpRgg81oIRUFwR0WSIHKt11nJ7SAVlYNIu+QpqeyXP+gpQJy/Z4+F0aGxSE4MqwjyXvW/TzgkLAx2AGHwQ==",
      "peer": true
    },
    "typescript-plugin-toml": {
      "version": "0.3.1",
      "resolved": "https://registry.npmjs.org/typescript-plugin-toml/-/typescript-plugin-toml-0.3.1.tgz",
      "integrity": "sha512-pBRKcuidbQyGQZOejx3abJtjX2NRemYCIBImWAJ/Lek6byUJObw/j/jPwdlrOWEcIo37t4AHHeh9fXAgQ8FZzA==",
      "dev": true,
      "requires": {
        "toml": "^3.0.0"
      }
    },
    "undici-types": {
      "version": "5.26.5",
      "resolved": "https://registry.npmjs.org/undici-types/-/undici-types-5.26.5.tgz",
      "integrity": "sha512-JlCMO+ehdEIKqlFxk6IfVoAUVmgz7cU7zD/h9XZ0qzeosSHmUJVOzSQvvYSYWXkFXC+IfLKSIffhv0sVZup6pA=="
    }
  }
}
